
Microsoft Visual Studio Solution File, Format Version 12.00
# Visual Studio Version 16
VisualStudioVersion = 16.0.32407.337
MinimumVisualStudioVersion = 10.0.40219.1
Project("{8BC9CEB8-8B4A-11D0-8D11-00A0C91BC942}") = "Student number extraction", "Student number extraction\Student number extraction.vcxproj", "{7EDE2468-60D8-4112-ACE6-A8637E18E59D}"
EndProject
Project("{54435603-DBB4-11D2-8724-00A0C9A8B90C}") = "学号抽取", "学号抽取\学号抽取.vdproj", "{A4B02955-B7C7-48DB-B851-A5E76C34F3C9}"
EndProject
Global
	GlobalSection(SolutionConfigurationPlatforms) = preSolution
		Debug|x64 = Debug|x64
		Debug|x86 = Debug|x86
		Release|x64 = Release|x64
		Release|x86 = Release|x86
	EndGlobalSection
	GlobalSection(ProjectConfigurationPlatforms) = postSolution
		{7EDE2468-60D8-4112-ACE6-A8637E18E59D}.Debug|x64.ActiveCfg = Debug|x64
		{7EDE2468-60D8-4112-ACE6-A8637E18E59D}.Debug|x64.Build.0 = Debug|x64
		{7EDE2468-60D8-4112-ACE6-A8637E18E59D}.Debug|x86.ActiveCfg = Debug|Win32
		{7EDE2468-60D8-4112-ACE6-A8637E18E59D}.Debug|x86.Build.0 = Debug|Win32
		{7EDE2468-60D8-4112-ACE6-A8637E18E59D}.Release|x64.ActiveCfg = Release|x64
		{7EDE2468-60D8-4112-ACE6-A8637E18E59D}.Release|x64.Build.0 = Release|x64
		{7EDE2468-60D8-4112-ACE6-A8637E18E59D}.Release|x86.ActiveCfg = Release|Win32
		{7EDE2468-60D8-4112-ACE6-A8637E18E59D}.Release|x86.Build.0 = Release|Win32
		{A4B02955-B7C7-48DB-B851-A5E76C34F3C9}.Debug|x64.ActiveCfg = Debug
		{A4B02955-B7C7-48DB-B851-A5E76C34F3C9}.Debug|x86.ActiveCfg = Debug
		{A4B02955-B7C7-48DB-B851-A5E76C34F3C9}.Release|x64.ActiveCfg = Release
		{A4B02955-B7C7-48DB-B851-A5E76C34F3C9}.Release|x86.ActiveCfg = Release
	EndGlobalSection
	GlobalSection(SolutionProperties) = preSolution
		HideSolutionNode = FALSE
	EndGlobalSection
	GlobalSection(ExtensibilityGlobals) = postSolution
		SolutionGuid = {CBCF9AD0-F342-48C7-A05A-624E5829663E}
	EndGlobalSection
EndGlobal
